
Microsoft Visual Studio Solution File, Format Version 12.00
# Visual Studio 15
Project("{FAE04EC0-301F-11D3-BF4B-00C04F79EFBC}") = "DefuseBomb.Android", "DefuseBomb.Android\DefuseBomb.Android.csproj", "{A490D013-0060-4FC1-892A-4568DEEE1DA7}"
EndProject
Project("{FAE04EC0-301F-11D3-BF4B-00C04F79EFBC}") = "DefuseBomb.iOS", "DefuseBomb.iOS\DefuseBomb.iOS.csproj", "{DAAC6EC4-4004-4597-9E6D-365C5834D5E8}"
EndProject
Project("{FAE04EC0-301F-11D3-BF4B-00C04F79EFBC}") = "DefuseBomb", "DefuseBomb\DefuseBomb.csproj", "{78080627-2D8F-4B8C-8101-A68861AE004C}"
EndProject
Global
	GlobalSection(SolutionConfigurationPlatforms) = preSolution
		Debug|Any CPU = Debug|Any CPU
		Release|Any CPU = Release|Any CPU
		Debug|iPhoneSimulator = Debug|iPhoneSimulator
		Release|iPhoneSimulator = Release|iPhoneSimulator
		Debug|iPhone = Debug|iPhone
		Release|iPhone = Release|iPhone
		Ad-Hoc|iPhone = Ad-Hoc|iPhone
		AppStore|iPhone = AppStore|iPhone
	EndGlobalSection
	GlobalSection(ProjectConfigurationPlatforms) = postSolution
		{A490D013-0060-4FC1-892A-4568DEEE1DA7}.Debug|Any CPU.ActiveCfg = Debug|Any CPU
		{A490D013-0060-4FC1-892A-4568DEEE1DA7}.Debug|Any CPU.Build.0 = Debug|Any CPU
		{A490D013-0060-4FC1-892A-4568DEEE1DA7}.Release|Any CPU.ActiveCfg = Release|Any CPU
		{A490D013-0060-4FC1-892A-4568DEEE1DA7}.Release|Any CPU.Build.0 = Release|Any CPU
		{A490D013-0060-4FC1-892A-4568DEEE1DA7}.Debug|iPhoneSimulator.ActiveCfg = Debug|Any CPU
		{A490D013-0060-4FC1-892A-4568DEEE1DA7}.Debug|iPhoneSimulator.Build.0 = Debug|Any CPU
		{A490D013-0060-4FC1-892A-4568DEEE1DA7}.Release|iPhoneSimulator.ActiveCfg = Release|Any CPU
		{A490D013-0060-4FC1-892A-4568DEEE1DA7}.Release|iPhoneSimulator.Build.0 = Release|Any CPU
		{A490D013-0060-4FC1-892A-4568DEEE1DA7}.Debug|iPhone.ActiveCfg = Debug|Any CPU
		{A490D013-0060-4FC1-892A-4568DEEE1DA7}.Debug|iPhone.Build.0 = Debug|Any CPU
		{A490D013-0060-4FC1-892A-4568DEEE1DA7}.Release|iPhone.ActiveCfg = Release|Any CPU
		{A490D013-0060-4FC1-892A-4568DEEE1DA7}.Release|iPhone.Build.0 = Release|Any CPU
		{A490D013-0060-4FC1-892A-4568DEEE1DA7}.Ad-Hoc|iPhone.ActiveCfg = Debug|Any CPU
		{A490D013-0060-4FC1-892A-4568DEEE1DA7}.Ad-Hoc|iPhone.Build.0 = Debug|Any CPU
		{A490D013-0060-4FC1-892A-4568DEEE1DA7}.AppStore|iPhone.ActiveCfg = Debug|Any CPU
		{A490D013-0060-4FC1-892A-4568DEEE1DA7}.AppStore|iPhone.Build.0 = Debug|Any CPU
		{DAAC6EC4-4004-4597-9E6D-365C5834D5E8}.Debug|Any CPU.ActiveCfg = Debug|iPhoneSimulator
		{DAAC6EC4-4004-4597-9E6D-365C5834D5E8}.Debug|Any CPU.Build.0 = Debug|iPhoneSimulator
		{DAAC6EC4-4004-4597-9E6D-365C5834D5E8}.Release|Any CPU.ActiveCfg = Release|iPhoneSimulator
		{DAAC6EC4-4004-4597-9E6D-365C5834D5E8}.Release|Any CPU.Build.0 = Release|iPhoneSimulator
		{DAAC6EC4-4004-4597-9E6D-365C5834D5E8}.Debug|iPhoneSimulator.ActiveCfg = Debug|iPhoneSimulator
		{DAAC6EC4-4004-4597-9E6D-365C5834D5E8}.Debug|iPhoneSimulator.Build.0 = Debug|iPhoneSimulator
		{DAAC6EC4-4004-4597-9E6D-365C5834D5E8}.Release|iPhoneSimulator.ActiveCfg = Release|iPhoneSimulator
		{DAAC6EC4-4004-4597-9E6D-365C5834D5E8}.Release|iPhoneSimulator.Build.0 = Release|iPhoneSimulator
		{DAAC6EC4-4004-4597-9E6D-365C5834D5E8}.Debug|iPhone.ActiveCfg = Debug|iPhone
		{DAAC6EC4-4004-4597-9E6D-365C5834D5E8}.Debug|iPhone.Build.0 = Debug|iPhone
		{DAAC6EC4-4004-4597-9E6D-365C5834D5E8}.Release|iPhone.ActiveCfg = Release|iPhone
		{DAAC6EC4-4004-4597-9E6D-365C5834D5E8}.Release|iPhone.Build.0 = Release|iPhone
		{DAAC6EC4-4004-4597-9E6D-365C5834D5E8}.Ad-Hoc|iPhone.ActiveCfg = Ad-Hoc|iPhone
		{DAAC6EC4-4004-4597-9E6D-365C5834D5E8}.Ad-Hoc|iPhone.Build.0 = Ad-Hoc|iPhone
		{DAAC6EC4-4004-4597-9E6D-365C5834D5E8}.AppStore|iPhone.ActiveCfg = AppStore|iPhone
		{DAAC6EC4-4004-4597-9E6D-365C5834D5E8}.AppStore|iPhone.Build.0 = AppStore|iPhone
		{78080627-2D8F-4B8C-8101-A68861AE004C}.Debug|Any CPU.ActiveCfg = Debug|Any CPU
		{78080627-2D8F-4B8C-8101-A68861AE004C}.Debug|Any CPU.Build.0 = Debug|Any CPU
		{78080627-2D8F-4B8C-8101-A68861AE004C}.Release|Any CPU.ActiveCfg = Release|Any CPU
		{78080627-2D8F-4B8C-8101-A68861AE004C}.Release|Any CPU.Build.0 = Release|Any CPU
		{78080627-2D8F-4B8C-8101-A68861AE004C}.Debug|iPhoneSimulator.ActiveCfg = Debug|Any CPU
		{78080627-2D8F-4B8C-8101-A68861AE004C}.Debug|iPhoneSimulator.Build.0 = Debug|Any CPU
		{78080627-2D8F-4B8C-8101-A68861AE004C}.Release|iPhoneSimulator.ActiveCfg = Release|Any CPU
		{78080627-2D8F-4B8C-8101-A68861AE004C}.Release|iPhoneSimulator.Build.0 = Release|Any CPU
		{78080627-2D8F-4B8C-8101-A68861AE004C}.Debug|iPhone.ActiveCfg = Debug|Any CPU
		{78080627-2D8F-4B8C-8101-A68861AE004C}.Debug|iPhone.Build.0 = Debug|Any CPU
		{78080627-2D8F-4B8C-8101-A68861AE004C}.Release|iPhone.ActiveCfg = Release|Any CPU
		{78080627-2D8F-4B8C-8101-A68861AE004C}.Release|iPhone.Build.0 = Release|Any CPU
		{78080627-2D8F-4B8C-8101-A68861AE004C}.Ad-Hoc|iPhone.ActiveCfg = Debug|Any CPU
		{78080627-2D8F-4B8C-8101-A68861AE004C}.Ad-Hoc|iPhone.Build.0 = Debug|Any CPU
		{78080627-2D8F-4B8C-8101-A68861AE004C}.AppStore|iPhone.ActiveCfg = Debug|Any CPU
		{78080627-2D8F-4B8C-8101-A68861AE004C}.AppStore|iPhone.Build.0 = Debug|Any CPU
	EndGlobalSection
EndGlobal
